
Microsoft Visual Studio Solution File, Format Version 12.00
# Visual Studio Version 16
VisualStudioVersion = 16.0.30907.101
MinimumVisualStudioVersion = 10.0.40219.1
Project("{9A19103F-16F7-4668-BE54-9A1E7A4F7556}") = "Fiba.DAL", "Fiba.DAL\Fiba.DAL.csproj", "{F5531893-CFC4-4AF9-A059-0690F4EEA4CF}"
EndProject
Project("{9A19103F-16F7-4668-BE54-9A1E7A4F7556}") = "Fiba.BL", "Fiba.BL\Fiba.BL.csproj", "{2AEF326B-0BD8-43FD-9C1A-3813A7554489}"
EndProject
Project("{9A19103F-16F7-4668-BE54-9A1E7A4F7556}") = "Fiba.IdentityServer", "Fiba.IdentityServer\Fiba.IdentityServer.csproj", "{393EA329-D4E0-4752-8EFC-324F033575CF}"
EndProject
Global
	GlobalSection(SolutionConfigurationPlatforms) = preSolution
		Debug|Any CPU = Debug|Any CPU
		Release|Any CPU = Release|Any CPU
	EndGlobalSection
	GlobalSection(ProjectConfigurationPlatforms) = postSolution
		{F5531893-CFC4-4AF9-A059-0690F4EEA4CF}.Debug|Any CPU.ActiveCfg = Debug|Any CPU
		{F5531893-CFC4-4AF9-A059-0690F4EEA4CF}.Debug|Any CPU.Build.0 = Debug|Any CPU
		{F5531893-CFC4-4AF9-A059-0690F4EEA4CF}.Release|Any CPU.ActiveCfg = Release|Any CPU
		{F5531893-CFC4-4AF9-A059-0690F4EEA4CF}.Release|Any CPU.Build.0 = Release|Any CPU
		{2AEF326B-0BD8-43FD-9C1A-3813A7554489}.Debug|Any CPU.ActiveCfg = Debug|Any CPU
		{2AEF326B-0BD8-43FD-9C1A-3813A7554489}.Debug|Any CPU.Build.0 = Debug|Any CPU
		{2AEF326B-0BD8-43FD-9C1A-3813A7554489}.Release|Any CPU.ActiveCfg = Release|Any CPU
		{2AEF326B-0BD8-43FD-9C1A-3813A7554489}.Release|Any CPU.Build.0 = Release|Any CPU
		{393EA329-D4E0-4752-8EFC-324F033575CF}.Debug|Any CPU.ActiveCfg = Debug|Any CPU
		{393EA329-D4E0-4752-8EFC-324F033575CF}.Debug|Any CPU.Build.0 = Debug|Any CPU
		{393EA329-D4E0-4752-8EFC-324F033575CF}.Release|Any CPU.ActiveCfg = Release|Any CPU
		{393EA329-D4E0-4752-8EFC-324F033575CF}.Release|Any CPU.Build.0 = Release|Any CPU
	EndGlobalSection
	GlobalSection(SolutionProperties) = preSolution
		HideSolutionNode = FALSE
	EndGlobalSection
	GlobalSection(ExtensibilityGlobals) = postSolution
		SolutionGuid = {35AB1031-7162-46FE-B191-876C152626A5}
	EndGlobalSection
EndGlobal
